// !$*UTF8*$!
{
	archiveVersion = 1;
	classes = {
	};
	objectVersion = 51;
	objects = {

/* Begin PBXBuildFile section */
		CE2A281F24F7F92F0097D82F /* Basket.swift in Sources */ = {isa = PBXBuildFile; fileRef = CE2A281E24F7F92F0097D82F /* Basket.swift */; };
		CE2A282124F916040097D82F /* BasketVC.swift in Sources */ = {isa = PBXBuildFile; fileRef = CE2A282024F916040097D82F /* BasketVC.swift */; };
		CE2A282324FEA9FE0097D82F /* LoginVC.swift in Sources */ = {isa = PBXBuildFile; fileRef = CE2A282224FEA9FE0097D82F /* LoginVC.swift */; };
		CE2D6AF224D2EB3D0018E1BD /* AppDelegate.swift in Sources */ = {isa = PBXBuildFile; fileRef = CE2D6AF124D2EB3D0018E1BD /* AppDelegate.swift */; };
		CE2D6AF424D2EB3D0018E1BD /* SceneDelegate.swift in Sources */ = {isa = PBXBuildFile; fileRef = CE2D6AF324D2EB3D0018E1BD /* SceneDelegate.swift */; };
		CE2D6AF924D2EB3D0018E1BD /* Main.storyboard in Resources */ = {isa = PBXBuildFile; fileRef = CE2D6AF724D2EB3D0018E1BD /* Main.storyboard */; };
		CE2D6AFB24D2EB3F0018E1BD /* Assets.xcassets in Resources */ = {isa = PBXBuildFile; fileRef = CE2D6AFA24D2EB3F0018E1BD /* Assets.xcassets */; };
		CE2D6AFE24D2EB3F0018E1BD /* LaunchScreen.storyboard in Resources */ = {isa = PBXBuildFile; fileRef = CE2D6AFC24D2EB3F0018E1BD /* LaunchScreen.storyboard */; };
		CE3CC1542500F16800851205 /* User.swift in Sources */ = {isa = PBXBuildFile; fileRef = CE3CC1532500F16800851205 /* User.swift */; };
		CE3CC1562503CA2400851205 /* UserTableVC.swift in Sources */ = {isa = PBXBuildFile; fileRef = CE3CC1552503CA2400851205 /* UserTableVC.swift */; };
		CE3CC15A2503E75300851205 /* RoundedButton.swift in Sources */ = {isa = PBXBuildFile; fileRef = CE3CC1592503E75300851205 /* RoundedButton.swift */; };
		CE3CC15C250668DE00851205 /* RegistrationVC.swift in Sources */ = {isa = PBXBuildFile; fileRef = CE3CC15B250668DE00851205 /* RegistrationVC.swift */; };
		CE3CC15E2506886400851205 /* EditProfileVC.swift in Sources */ = {isa = PBXBuildFile; fileRef = CE3CC15D2506886400851205 /* EditProfileVC.swift */; };
		CE3CC1602509021E00851205 /* PurchaseHistoryTVC.swift in Sources */ = {isa = PBXBuildFile; fileRef = CE3CC15F2509021E00851205 /* PurchaseHistoryTVC.swift */; };
		CE3CC165251259A400851205 /* StripeClient.swift in Sources */ = {isa = PBXBuildFile; fileRef = CE3CC164251259A400851205 /* StripeClient.swift */; };
		CE66171324D306A8009F0455 /* CategoryCollectionViewController.swift in Sources */ = {isa = PBXBuildFile; fileRef = CE66171224D306A8009F0455 /* CategoryCollectionViewController.swift */; };
		CE66171524D307E0009F0455 /* CategoryCollectionViewCell.swift in Sources */ = {isa = PBXBuildFile; fileRef = CE66171424D307E0009F0455 /* CategoryCollectionViewCell.swift */; };
		CE66171724D309FF009F0455 /* GoogleService-Info.plist in Resources */ = {isa = PBXBuildFile; fileRef = CE66171624D309FF009F0455 /* GoogleService-Info.plist */; };
		CE66171924D321EE009F0455 /* FirebaseCollectionRefference.swift in Sources */ = {isa = PBXBuildFile; fileRef = CE66171824D321EE009F0455 /* FirebaseCollectionRefference.swift */; };
		CE66171E24D32597009F0455 /* Category.swift in Sources */ = {isa = PBXBuildFile; fileRef = CE66171D24D32597009F0455 /* Category.swift */; };
		CE66172124D32ABA009F0455 /* Constants.swift in Sources */ = {isa = PBXBuildFile; fileRef = CE66172024D32ABA009F0455 /* Constants.swift */; };
		CE66172324D99D19009F0455 /* ItemsTVC.swift in Sources */ = {isa = PBXBuildFile; fileRef = CE66172224D99D19009F0455 /* ItemsTVC.swift */; };
		CE66172524D9A04E009F0455 /* Item.swift in Sources */ = {isa = PBXBuildFile; fileRef = CE66172424D9A04E009F0455 /* Item.swift */; };
		CE66172724D9B730009F0455 /* AddItemVC.swift in Sources */ = {isa = PBXBuildFile; fileRef = CE66172624D9B730009F0455 /* AddItemVC.swift */; };
		CE7D3CFC24EC173000CDACF4 /* Reachability.swift in Sources */ = {isa = PBXBuildFile; fileRef = CE7D3CFB24EC173000CDACF4 /* Reachability.swift */; };
		CE7D3CFE24EC184C00CDACF4 /* Downloader.swift in Sources */ = {isa = PBXBuildFile; fileRef = CE7D3CFD24EC184C00CDACF4 /* Downloader.swift */; };
		CE7D3D0024EEAD6400CDACF4 /* ItemTVCell.swift in Sources */ = {isa = PBXBuildFile; fileRef = CE7D3CFF24EEAD6400CDACF4 /* ItemTVCell.swift */; };
		CE7D3D0224EEBAB500CDACF4 /* HelperFunctions.swift in Sources */ = {isa = PBXBuildFile; fileRef = CE7D3D0124EEBAB500CDACF4 /* HelperFunctions.swift */; };
		CE7D3D0424F569B400CDACF4 /* ItemVC.swift in Sources */ = {isa = PBXBuildFile; fileRef = CE7D3D0324F569B400CDACF4 /* ItemVC.swift */; };
		CE7D3D0724F5743100CDACF4 /* ImageCollectionViewCell.swift in Sources */ = {isa = PBXBuildFile; fileRef = CE7D3D0624F5743100CDACF4 /* ImageCollectionViewCell.swift */; };
		CF25F4603028D863EE21FBC4 /* Pods_e_Prekyba.framework in Frameworks */ = {isa = PBXBuildFile; fileRef = EE32518A5F046487FCB833F1 /* Pods_e_Prekyba.framework */; };
/* End PBXBuildFile section */

/* Begin PBXFileReference section */
		18CF7E12840F568C2CF7D8A3 /* Pods-e-Prekyba.debug.xcconfig */ = {isa = PBXFileReference; includeInIndex = 1; lastKnownFileType = text.xcconfig; name = "Pods-e-Prekyba.debug.xcconfig"; path = "Target Support Files/Pods-e-Prekyba/Pods-e-Prekyba.debug.xcconfig"; sourceTree = "<group>"; };
		CE2A281E24F7F92F0097D82F /* Basket.swift */ = {isa = PBXFileReference; lastKnownFileType = sourcecode.swift; path = Basket.swift; sourceTree = "<group>"; };
		CE2A282024F916040097D82F /* BasketVC.swift */ = {isa = PBXFileReference; lastKnownFileType = sourcecode.swift; path = BasketVC.swift; sourceTree = "<group>"; };
		CE2A282224FEA9FE0097D82F /* LoginVC.swift */ = {isa = PBXFileReference; lastKnownFileType = sourcecode.swift; path = LoginVC.swift; sourceTree = "<group>"; };
		CE2D6AEE24D2EB3D0018E1BD /* e-Prekyba.app */ = {isa = PBXFileReference; explicitFileType = wrapper.application; includeInIndex = 0; path = "e-Prekyba.app"; sourceTree = BUILT_PRODUCTS_DIR; };
		CE2D6AF124D2EB3D0018E1BD /* AppDelegate.swift */ = {isa = PBXFileReference; lastKnownFileType = sourcecode.swift; path = AppDelegate.swift; sourceTree = "<group>"; };
		CE2D6AF324D2EB3D0018E1BD /* SceneDelegate.swift */ = {isa = PBXFileReference; lastKnownFileType = sourcecode.swift; path = SceneDelegate.swift; sourceTree = "<group>"; };
		CE2D6AF824D2EB3D0018E1BD /* Base */ = {isa = PBXFileReference; lastKnownFileType = file.storyboard; name = Base; path = Base.lproj/Main.storyboard; sourceTree = "<group>"; };
		CE2D6AFA24D2EB3F0018E1BD /* Assets.xcassets */ = {isa = PBXFileReference; lastKnownFileType = folder.assetcatalog; path = Assets.xcassets; sourceTree = "<group>"; };
		CE2D6AFD24D2EB3F0018E1BD /* Base */ = {isa = PBXFileReference; lastKnownFileType = file.storyboard; name = Base; path = Base.lproj/LaunchScreen.storyboard; sourceTree = "<group>"; };
		CE2D6AFF24D2EB3F0018E1BD /* Info.plist */ = {isa = PBXFileReference; lastKnownFileType = text.plist.xml; path = Info.plist; sourceTree = "<group>"; };
		CE3CC1532500F16800851205 /* User.swift */ = {isa = PBXFileReference; lastKnownFileType = sourcecode.swift; path = User.swift; sourceTree = "<group>"; };
		CE3CC1552503CA2400851205 /* UserTableVC.swift */ = {isa = PBXFileReference; lastKnownFileType = sourcecode.swift; path = UserTableVC.swift; sourceTree = "<group>"; };
		CE3CC1592503E75300851205 /* RoundedButton.swift */ = {isa = PBXFileReference; lastKnownFileType = sourcecode.swift; path = RoundedButton.swift; sourceTree = "<group>"; };
		CE3CC15B250668DE00851205 /* RegistrationVC.swift */ = {isa = PBXFileReference; lastKnownFileType = sourcecode.swift; path = RegistrationVC.swift; sourceTree = "<group>"; };
		CE3CC15D2506886400851205 /* EditProfileVC.swift */ = {isa = PBXFileReference; lastKnownFileType = sourcecode.swift; path = EditProfileVC.swift; sourceTree = "<group>"; };
		CE3CC15F2509021E00851205 /* PurchaseHistoryTVC.swift */ = {isa = PBXFileReference; lastKnownFileType = sourcecode.swift; path = PurchaseHistoryTVC.swift; sourceTree = "<group>"; };
		CE3CC1622510ED9800851205 /* e-Prekyba-Bridging-Header.h */ = {isa = PBXFileReference; lastKnownFileType = sourcecode.c.h; path = "e-Prekyba-Bridging-Header.h"; sourceTree = "<group>"; };
		CE3CC164251259A400851205 /* StripeClient.swift */ = {isa = PBXFileReference; lastKnownFileType = sourcecode.swift; path = StripeClient.swift; sourceTree = "<group>"; };
		CE66171224D306A8009F0455 /* CategoryCollectionViewController.swift */ = {isa = PBXFileReference; lastKnownFileType = sourcecode.swift; path = CategoryCollectionViewController.swift; sourceTree = "<group>"; };
		CE66171424D307E0009F0455 /* CategoryCollectionViewCell.swift */ = {isa = PBXFileReference; lastKnownFileType = sourcecode.swift; path = CategoryCollectionViewCell.swift; sourceTree = "<group>"; };
		CE66171624D309FF009F0455 /* GoogleService-Info.plist */ = {isa = PBXFileReference; lastKnownFileType = text.plist; path = "GoogleService-Info.plist"; sourceTree = SOURCE_ROOT; };
		CE66171824D321EE009F0455 /* FirebaseCollectionRefference.swift */ = {isa = PBXFileReference; lastKnownFileType = sourcecode.swift; path = FirebaseCollectionRefference.swift; sourceTree = "<group>"; };
		CE66171D24D32597009F0455 /* Category.swift */ = {isa = PBXFileReference; lastKnownFileType = sourcecode.swift; path = Category.swift; sourceTree = "<group>"; };
		CE66172024D32ABA009F0455 /* Constants.swift */ = {isa = PBXFileReference; lastKnownFileType = sourcecode.swift; path = Constants.swift; sourceTree = "<group>"; };
		CE66172224D99D19009F0455 /* ItemsTVC.swift */ = {isa = PBXFileReference; lastKnownFileType = sourcecode.swift; path = ItemsTVC.swift; sourceTree = "<group>"; };
		CE66172424D9A04E009F0455 /* Item.swift */ = {isa = PBXFileReference; lastKnownFileType = sourcecode.swift; path = Item.swift; sourceTree = "<group>"; };
		CE66172624D9B730009F0455 /* AddItemVC.swift */ = {isa = PBXFileReference; lastKnownFileType = sourcecode.swift; path = AddItemVC.swift; sourceTree = "<group>"; };
		CE7D3CFB24EC173000CDACF4 /* Reachability.swift */ = {isa = PBXFileReference; lastKnownFileType = sourcecode.swift; path = Reachability.swift; sourceTree = "<group>"; };
		CE7D3CFD24EC184C00CDACF4 /* Downloader.swift */ = {isa = PBXFileReference; lastKnownFileType = sourcecode.swift; path = Downloader.swift; sourceTree = "<group>"; };
		CE7D3CFF24EEAD6400CDACF4 /* ItemTVCell.swift */ = {isa = PBXFileReference; lastKnownFileType = sourcecode.swift; path = ItemTVCell.swift; sourceTree = "<group>"; };
		CE7D3D0124EEBAB500CDACF4 /* HelperFunctions.swift */ = {isa = PBXFileReference; lastKnownFileType = sourcecode.swift; path = HelperFunctions.swift; sourceTree = "<group>"; };
		CE7D3D0324F569B400CDACF4 /* ItemVC.swift */ = {isa = PBXFileReference; lastKnownFileType = sourcecode.swift; path = ItemVC.swift; sourceTree = "<group>"; };
		CE7D3D0624F5743100CDACF4 /* ImageCollectionViewCell.swift */ = {isa = PBXFileReference; lastKnownFileType = sourcecode.swift; path = ImageCollectionViewCell.swift; sourceTree = "<group>"; };
		EA9676FEE70E434483A65B1B /* Pods-e-Prekyba.release.xcconfig */ = {isa = PBXFileReference; includeInIndex = 1; lastKnownFileType = text.xcconfig; name = "Pods-e-Prekyba.release.xcconfig"; path = "Target Support Files/Pods-e-Prekyba/Pods-e-Prekyba.release.xcconfig"; sourceTree = "<group>"; };
		EE32518A5F046487FCB833F1 /* Pods_e_Prekyba.framework */ = {isa = PBXFileReference; explicitFileType = wrapper.framework; includeInIndex = 0; path = Pods_e_Prekyba.framework; sourceTree = BUILT_PRODUCTS_DIR; };
/* End PBXFileReference section */

/* Begin PBXFrameworksBuildPhase section */
		CE2D6AEB24D2EB3D0018E1BD /* Frameworks */ = {
			isa = PBXFrameworksBuildPhase;
			buildActionMask = 2147483647;
			files = (
				CF25F4603028D863EE21FBC4 /* Pods_e_Prekyba.framework in Frameworks */,
			);
			runOnlyForDeploymentPostprocessing = 0;
		};
/* End PBXFrameworksBuildPhase section */

/* Begin PBXGroup section */
		740F86440A7000006A74A25F /* Frameworks */ = {
			isa = PBXGroup;
			children = (
				EE32518A5F046487FCB833F1 /* Pods_e_Prekyba.framework */,
			);
			name = Frameworks;
			sourceTree = "<group>";
		};
		C32D12301FB59F9D3BD845E7 /* Pods */ = {
			isa = PBXGroup;
			children = (
				18CF7E12840F568C2CF7D8A3 /* Pods-e-Prekyba.debug.xcconfig */,
				EA9676FEE70E434483A65B1B /* Pods-e-Prekyba.release.xcconfig */,
			);
			path = Pods;
			sourceTree = "<group>";
		};
		CE2D6AE524D2EB3D0018E1BD = {
			isa = PBXGroup;
			children = (
				CE2D6AF124D2EB3D0018E1BD /* AppDelegate.swift */,
				CE2D6AF024D2EB3D0018E1BD /* e-Prekyba */,
				CE2D6AEF24D2EB3D0018E1BD /* Products */,
				C32D12301FB59F9D3BD845E7 /* Pods */,
				740F86440A7000006A74A25F /* Frameworks */,
				CE3CC1622510ED9800851205 /* e-Prekyba-Bridging-Header.h */,
			);
			sourceTree = "<group>";
		};
		CE2D6AEF24D2EB3D0018E1BD /* Products */ = {
			isa = PBXGroup;
			children = (
				CE2D6AEE24D2EB3D0018E1BD /* e-Prekyba.app */,
			);
			name = Products;
			sourceTree = "<group>";
		};
		CE2D6AF024D2EB3D0018E1BD /* e-Prekyba */ = {
			isa = PBXGroup;
			children = (
				CE66171C24D32510009F0455 /* Model */,
				CE66171B24D324FE009F0455 /* View */,
				CE66171A24D324F1009F0455 /* Controller */,
				CE7D3D0524F5734F00CDACF4 /* Custom Cells */,
				CE66171F24D32AA2009F0455 /* Helpers */,
				CE2D6AF324D2EB3D0018E1BD /* SceneDelegate.swift */,
				CE2D6AF724D2EB3D0018E1BD /* Main.storyboard */,
				CE2D6AFA24D2EB3F0018E1BD /* Assets.xcassets */,
				CE2D6AFC24D2EB3F0018E1BD /* LaunchScreen.storyboard */,
				CE2D6AFF24D2EB3F0018E1BD /* Info.plist */,
				CE66171624D309FF009F0455 /* GoogleService-Info.plist */,
			);
			path = "e-Prekyba";
			sourceTree = "<group>";
		};
		CE3CC1612509022900851205 /* TableViewControllers */ = {
			isa = PBXGroup;
			children = (
				CE3CC1552503CA2400851205 /* UserTableVC.swift */,
				CE66172224D99D19009F0455 /* ItemsTVC.swift */,
				CE3CC15F2509021E00851205 /* PurchaseHistoryTVC.swift */,
			);
			path = TableViewControllers;
			sourceTree = "<group>";
		};
		CE66171A24D324F1009F0455 /* Controller */ = {
			isa = PBXGroup;
			children = (
				CE66171224D306A8009F0455 /* CategoryCollectionViewController.swift */,
			);
			path = Controller;
			sourceTree = "<group>";
		};
		CE66171B24D324FE009F0455 /* View */ = {
			isa = PBXGroup;
			children = (
				CE66172624D9B730009F0455 /* AddItemVC.swift */,
				CE7D3D0324F569B400CDACF4 /* ItemVC.swift */,
				CE2A282024F916040097D82F /* BasketVC.swift */,
				CE2A282224FEA9FE0097D82F /* LoginVC.swift */,
				CE3CC15B250668DE00851205 /* RegistrationVC.swift */,
				CE3CC15D2506886400851205 /* EditProfileVC.swift */,
				CE3CC1592503E75300851205 /* RoundedButton.swift */,
				CE3CC1612509022900851205 /* TableViewControllers */,
			);
			path = View;
			sourceTree = "<group>";
		};
		CE66171C24D32510009F0455 /* Model */ = {
			isa = PBXGroup;
			children = (
				CE66171D24D32597009F0455 /* Category.swift */,
				CE66172424D9A04E009F0455 /* Item.swift */,
				CE2A281E24F7F92F0097D82F /* Basket.swift */,
				CE3CC1532500F16800851205 /* User.swift */,
				CE3CC164251259A400851205 /* StripeClient.swift */,
			);
			path = Model;
			sourceTree = "<group>";
		};
		CE66171F24D32AA2009F0455 /* Helpers */ = {
			isa = PBXGroup;
			children = (
				CE66171824D321EE009F0455 /* FirebaseCollectionRefference.swift */,
				CE66172024D32ABA009F0455 /* Constants.swift */,
				CE7D3CFB24EC173000CDACF4 /* Reachability.swift */,
				CE7D3CFD24EC184C00CDACF4 /* Downloader.swift */,
				CE7D3D0124EEBAB500CDACF4 /* HelperFunctions.swift */,
			);
			path = Helpers;
			sourceTree = "<group>";
		};
		CE7D3D0524F5734F00CDACF4 /* Custom Cells */ = {
			isa = PBXGroup;
			children = (
				CE66171424D307E0009F0455 /* CategoryCollectionViewCell.swift */,
				CE7D3CFF24EEAD6400CDACF4 /* ItemTVCell.swift */,
				CE7D3D0624F5743100CDACF4 /* ImageCollectionViewCell.swift */,
			);
			path = "Custom Cells";
			sourceTree = "<group>";
		};
/* End PBXGroup section */

/* Begin PBXNativeTarget section */
		CE2D6AED24D2EB3D0018E1BD /* e-Prekyba */ = {
			isa = PBXNativeTarget;
			buildConfigurationList = CE2D6B0224D2EB3F0018E1BD /* Build configuration list for PBXNativeTarget "e-Prekyba" */;
			buildPhases = (
				038679425C4DFE6AB3F1D6C8 /* [CP] Check Pods Manifest.lock */,
				CE2D6AEA24D2EB3D0018E1BD /* Sources */,
				CE2D6AEB24D2EB3D0018E1BD /* Frameworks */,
				CE2D6AEC24D2EB3D0018E1BD /* Resources */,
				2B5FCD688241E161977BA74D /* [CP] Embed Pods Frameworks */,
			);
			buildRules = (
			);
			dependencies = (
			);
			name = "e-Prekyba";
			productName = "e-Prekyba";
			productReference = CE2D6AEE24D2EB3D0018E1BD /* e-Prekyba.app */;
			productType = "com.apple.product-type.application";
		};
/* End PBXNativeTarget section */

/* Begin PBXProject section */
		CE2D6AE624D2EB3D0018E1BD /* Project object */ = {
			isa = PBXProject;
			attributes = {
				LastSwiftUpdateCheck = 1160;
				LastUpgradeCheck = 1160;
				ORGANIZATIONNAME = "Arvydas Klimavicius";
				TargetAttributes = {
					CE2D6AED24D2EB3D0018E1BD = {
						CreatedOnToolsVersion = 11.6;
						LastSwiftMigration = 1170;
					};
				};
			};
			buildConfigurationList = CE2D6AE924D2EB3D0018E1BD /* Build configuration list for PBXProject "e-Prekyba" */;
			compatibilityVersion = "Xcode 9.3";
			developmentRegion = en;
			hasScannedForEncodings = 0;
			knownRegions = (
				en,
				Base,
			);
			mainGroup = CE2D6AE524D2EB3D0018E1BD;
			productRefGroup = CE2D6AEF24D2EB3D0018E1BD /* Products */;
			projectDirPath = "";
			projectRoot = "";
			targets = (
				CE2D6AED24D2EB3D0018E1BD /* e-Prekyba */,
			);
		};
/* End PBXProject section */

/* Begin PBXResourcesBuildPhase section */
		CE2D6AEC24D2EB3D0018E1BD /* Resources */ = {
			isa = PBXResourcesBuildPhase;
			buildActionMask = 2147483647;
			files = (
				CE2D6AFE24D2EB3F0018E1BD /* LaunchScreen.storyboard in Resources */,
				CE66171724D309FF009F0455 /* GoogleService-Info.plist in Resources */,
				CE2D6AFB24D2EB3F0018E1BD /* Assets.xcassets in Resources */,
				CE2D6AF924D2EB3D0018E1BD /* Main.storyboard in Resources */,
			);
			runOnlyForDeploymentPostprocessing = 0;
		};
/* End PBXResourcesBuildPhase section */

/* Begin PBXShellScriptBuildPhase section */
		038679425C4DFE6AB3F1D6C8 /* [CP] Check Pods Manifest.lock */ = {
			isa = PBXShellScriptBuildPhase;
			buildActionMask = 2147483647;
			files = (
			);
			inputFileListPaths = (
			);
			inputPaths = (
				"${PODS_PODFILE_DIR_PATH}/Podfile.lock",
				"${PODS_ROOT}/Manifest.lock",
			);
			name = "[CP] Check Pods Manifest.lock";
			outputFileListPaths = (
			);
			outputPaths = (
				"$(DERIVED_FILE_DIR)/Pods-e-Prekyba-checkManifestLockResult.txt",
			);
			runOnlyForDeploymentPostprocessing = 0;
			shellPath = /bin/sh;
			shellScript = "diff \"${PODS_PODFILE_DIR_PATH}/Podfile.lock\" \"${PODS_ROOT}/Manifest.lock\" > /dev/null\nif [ $? != 0 ] ; then\n    # print error to STDERR\n    echo \"error: The sandbox is not in sync with the Podfile.lock. Run 'pod install' or update your CocoaPods installation.\" >&2\n    exit 1\nfi\n# This output is used by Xcode 'outputs' to avoid re-running this script phase.\necho \"SUCCESS\" > \"${SCRIPT_OUTPUT_FILE_0}\"\n";
			showEnvVarsInLog = 0;
		};
		2B5FCD688241E161977BA74D /* [CP] Embed Pods Frameworks */ = {
			isa = PBXShellScriptBuildPhase;
			buildActionMask = 2147483647;
			files = (
			);
			inputFileListPaths = (
				"${PODS_ROOT}/Target Support Files/Pods-e-Prekyba/Pods-e-Prekyba-frameworks-${CONFIGURATION}-input-files.xcfilelist",
			);
			name = "[CP] Embed Pods Frameworks";
			outputFileListPaths = (
				"${PODS_ROOT}/Target Support Files/Pods-e-Prekyba/Pods-e-Prekyba-frameworks-${CONFIGURATION}-output-files.xcfilelist",
			);
			runOnlyForDeploymentPostprocessing = 0;
			shellPath = /bin/sh;
			shellScript = "\"${PODS_ROOT}/Target Support Files/Pods-e-Prekyba/Pods-e-Prekyba-frameworks.sh\"\n";
			showEnvVarsInLog = 0;
		};
/* End PBXShellScriptBuildPhase section */

/* Begin PBXSourcesBuildPhase section */
		CE2D6AEA24D2EB3D0018E1BD /* Sources */ = {
			isa = PBXSourcesBuildPhase;
			buildActionMask = 2147483647;
			files = (
				CE66172324D99D19009F0455 /* ItemsTVC.swift in Sources */,
				CE66172524D9A04E009F0455 /* Item.swift in Sources */,
				CE7D3D0724F5743100CDACF4 /* ImageCollectionViewCell.swift in Sources */,
				CE2A282324FEA9FE0097D82F /* LoginVC.swift in Sources */,
				CE7D3CFE24EC184C00CDACF4 /* Downloader.swift in Sources */,
				CE2A282124F916040097D82F /* BasketVC.swift in Sources */,
				CE66171524D307E0009F0455 /* CategoryCollectionViewCell.swift in Sources */,
				CE7D3D0424F569B400CDACF4 /* ItemVC.swift in Sources */,
				CE3CC1542500F16800851205 /* User.swift in Sources */,
				CE66171E24D32597009F0455 /* Category.swift in Sources */,
				CE3CC15C250668DE00851205 /* RegistrationVC.swift in Sources */,
				CE3CC1562503CA2400851205 /* UserTableVC.swift in Sources */,
				CE3CC1602509021E00851205 /* PurchaseHistoryTVC.swift in Sources */,
				CE2D6AF224D2EB3D0018E1BD /* AppDelegate.swift in Sources */,
				CE2A281F24F7F92F0097D82F /* Basket.swift in Sources */,
				CE7D3D0024EEAD6400CDACF4 /* ItemTVCell.swift in Sources */,
				CE7D3D0224EEBAB500CDACF4 /* HelperFunctions.swift in Sources */,
				CE66172724D9B730009F0455 /* AddItemVC.swift in Sources */,
				CE2D6AF424D2EB3D0018E1BD /* SceneDelegate.swift in Sources */,
				CE3CC15A2503E75300851205 /* RoundedButton.swift in Sources */,
				CE7D3CFC24EC173000CDACF4 /* Reachability.swift in Sources */,
				CE66172124D32ABA009F0455 /* Constants.swift in Sources */,
				CE66171924D321EE009F0455 /* FirebaseCollectionRefference.swift in Sources */,
				CE3CC165251259A400851205 /* StripeClient.swift in Sources */,
				CE3CC15E2506886400851205 /* EditProfileVC.swift in Sources */,
				CE66171324D306A8009F0455 /* CategoryCollectionViewController.swift in Sources */,
			);
			runOnlyForDeploymentPostprocessing = 0;
		};
/* End PBXSourcesBuildPhase section */

/* Begin PBXVariantGroup section */
		CE2D6AF724D2EB3D0018E1BD /* Main.storyboard */ = {
			isa = PBXVariantGroup;
			children = (
				CE2D6AF824D2EB3D0018E1BD /* Base */,
			);
			name = Main.storyboard;
			sourceTree = "<group>";
		};
		CE2D6AFC24D2EB3F0018E1BD /* LaunchScreen.storyboard */ = {
			isa = PBXVariantGroup;
			children = (
				CE2D6AFD24D2EB3F0018E1BD /* Base */,
			);
			name = LaunchScreen.storyboard;
			sourceTree = "<group>";
		};
/* End PBXVariantGroup section */

/* Begin XCBuildConfiguration section */
		CE2D6B0024D2EB3F0018E1BD /* Debug */ = {
			isa = XCBuildConfiguration;
			buildSettings = {
				ALWAYS_SEARCH_USER_PATHS = NO;
				CLANG_ANALYZER_NONNULL = YES;
				CLANG_ANALYZER_NUMBER_OBJECT_CONVERSION = YES_AGGRESSIVE;
				CLANG_CXX_LANGUAGE_STANDARD = "gnu++14";
				CLANG_CXX_LIBRARY = "libc++";
				CLANG_ENABLE_MODULES = YES;
				CLANG_ENABLE_OBJC_ARC = YES;
				CLANG_ENABLE_OBJC_WEAK = YES;
				CLANG_WARN_BLOCK_CAPTURE_AUTORELEASING = YES;
				CLANG_WARN_BOOL_CONVERSION = YES;
				CLANG_WARN_COMMA = YES;
				CLANG_WARN_CONSTANT_CONVERSION = YES;
				CLANG_WARN_DEPRECATED_OBJC_IMPLEMENTATIONS = YES;
				CLANG_WARN_DIRECT_OBJC_ISA_USAGE = YES_ERROR;
				CLANG_WARN_DOCUMENTATION_COMMENTS = YES;
				CLANG_WARN_EMPTY_BODY = YES;
				CLANG_WARN_ENUM_CONVERSION = YES;
				CLANG_WARN_INFINITE_RECURSION = YES;
				CLANG_WARN_INT_CONVERSION = YES;
				CLANG_WARN_NON_LITERAL_NULL_CONVERSION = YES;
				CLANG_WARN_OBJC_IMPLICIT_RETAIN_SELF = YES;
				CLANG_WARN_OBJC_LITERAL_CONVERSION = YES;
				CLANG_WARN_OBJC_ROOT_CLASS = YES_ERROR;
				CLANG_WARN_RANGE_LOOP_ANALYSIS = YES;
				CLANG_WARN_STRICT_PROTOTYPES = YES;
				CLANG_WARN_SUSPICIOUS_MOVE = YES;
				CLANG_WARN_UNGUARDED_AVAILABILITY = YES_AGGRESSIVE;
				CLANG_WARN_UNREACHABLE_CODE = YES;
				CLANG_WARN__DUPLICATE_METHOD_MATCH = YES;
				COPY_PHASE_STRIP = NO;
				DEBUG_INFORMATION_FORMAT = dwarf;
				ENABLE_STRICT_OBJC_MSGSEND = YES;
				ENABLE_TESTABILITY = YES;
				GCC_C_LANGUAGE_STANDARD = gnu11;
				GCC_DYNAMIC_NO_PIC = NO;
				GCC_NO_COMMON_BLOCKS = YES;
				GCC_OPTIMIZATION_LEVEL = 0;
				GCC_PREPROCESSOR_DEFINITIONS = (
					"DEBUG=1",
					"$(inherited)",
				);
				GCC_WARN_64_TO_32_BIT_CONVERSION = YES;
				GCC_WARN_ABOUT_RETURN_TYPE = YES_ERROR;
				GCC_WARN_UNDECLARED_SELECTOR = YES;
				GCC_WARN_UNINITIALIZED_AUTOS = YES_AGGRESSIVE;
				GCC_WARN_UNUSED_FUNCTION = YES;
				GCC_WARN_UNUSED_VARIABLE = YES;
				IPHONEOS_DEPLOYMENT_TARGET = 13.6;
				MTL_ENABLE_DEBUG_INFO = INCLUDE_SOURCE;
				MTL_FAST_MATH = YES;
				ONLY_ACTIVE_ARCH = YES;
				SDKROOT = iphoneos;
				SWIFT_ACTIVE_COMPILATION_CONDITIONS = DEBUG;
				SWIFT_OPTIMIZATION_LEVEL = "-Onone";
			};
			name = Debug;
		};
		CE2D6B0124D2EB3F0018E1BD /* Release */ = {
			isa = XCBuildConfiguration;
			buildSettings = {
				ALWAYS_SEARCH_USER_PATHS = NO;
				CLANG_ANALYZER_NONNULL = YES;
				CLANG_ANALYZER_NUMBER_OBJECT_CONVERSION = YES_AGGRESSIVE;
				CLANG_CXX_LANGUAGE_STANDARD = "gnu++14";
				CLANG_CXX_LIBRARY = "libc++";
				CLANG_ENABLE_MODULES = YES;
				CLANG_ENABLE_OBJC_ARC = YES;
				CLANG_ENABLE_OBJC_WEAK = YES;
				CLANG_WARN_BLOCK_CAPTURE_AUTORELEASING = YES;
				CLANG_WARN_BOOL_CONVERSION = YES;
				CLANG_WARN_COMMA = YES;
				CLANG_WARN_CONSTANT_CONVERSION = YES;
				CLANG_WARN_DEPRECATED_OBJC_IMPLEMENTATIONS = YES;
				CLANG_WARN_DIRECT_OBJC_ISA_USAGE = YES_ERROR;
				CLANG_WARN_DOCUMENTATION_COMMENTS = YES;
				CLANG_WARN_EMPTY_BODY = YES;
				CLANG_WARN_ENUM_CONVERSION = YES;
				CLANG_WARN_INFINITE_RECURSION = YES;
				CLANG_WARN_INT_CONVERSION = YES;
				CLANG_WARN_NON_LITERAL_NULL_CONVERSION = YES;
				CLANG_WARN_OBJC_IMPLICIT_RETAIN_SELF = YES;
				CLANG_WARN_OBJC_LITERAL_CONVERSION = YES;
				CLANG_WARN_OBJC_ROOT_CLASS = YES_ERROR;
				CLANG_WARN_RANGE_LOOP_ANALYSIS = YES;
				CLANG_WARN_STRICT_PROTOTYPES = YES;
				CLANG_WARN_SUSPICIOUS_MOVE = YES;
				CLANG_WARN_UNGUARDED_AVAILABILITY = YES_AGGRESSIVE;
				CLANG_WARN_UNREACHABLE_CODE = YES;
				CLANG_WARN__DUPLICATE_METHOD_MATCH = YES;
				COPY_PHASE_STRIP = NO;
				DEBUG_INFORMATION_FORMAT = "dwarf-with-dsym";
				ENABLE_NS_ASSERTIONS = NO;
				ENABLE_STRICT_OBJC_MSGSEND = YES;
				GCC_C_LANGUAGE_STANDARD = gnu11;
				GCC_NO_COMMON_BLOCKS = YES;
				GCC_WARN_64_TO_32_BIT_CONVERSION = YES;
				GCC_WARN_ABOUT_RETURN_TYPE = YES_ERROR;
				GCC_WARN_UNDECLARED_SELECTOR = YES;
				GCC_WARN_UNINITIALIZED_AUTOS = YES_AGGRESSIVE;
				GCC_WARN_UNUSED_FUNCTION = YES;
				GCC_WARN_UNUSED_VARIABLE = YES;
				IPHONEOS_DEPLOYMENT_TARGET = 13.6;
				MTL_ENABLE_DEBUG_INFO = NO;
				MTL_FAST_MATH = YES;
				SDKROOT = iphoneos;
				SWIFT_COMPILATION_MODE = wholemodule;
				SWIFT_OPTIMIZATION_LEVEL = "-O";
				VALIDATE_PRODUCT = YES;
			};
			name = Release;
		};
		CE2D6B0324D2EB3F0018E1BD /* Debug */ = {
			isa = XCBuildConfiguration;
			baseConfigurationReference = 18CF7E12840F568C2CF7D8A3 /* Pods-e-Prekyba.debug.xcconfig */;
			buildSettings = {
				ASSETCATALOG_COMPILER_APPICON_NAME = AppIcon;
				CLANG_ENABLE_MODULES = YES;
				CODE_SIGN_STYLE = Automatic;
				DEVELOPMENT_TEAM = 3ER798Q6G9;
				INFOPLIST_FILE = "e-Prekyba/Info.plist";
				LD_RUNPATH_SEARCH_PATHS = (
					"$(inherited)",
					"@executable_path/Frameworks",
				);
				PRODUCT_BUNDLE_IDENTIFIER = "AK.e-Prekyba";
				PRODUCT_NAME = "$(TARGET_NAME)";
				SWIFT_OBJC_BRIDGING_HEADER = "e-Prekyba-Bridging-Header.h";
				SWIFT_OPTIMIZATION_LEVEL = "-Onone";
				SWIFT_VERSION = 5.0;
				TARGETED_DEVICE_FAMILY = "1,2";
			};
			name = Debug;
		};
		CE2D6B0424D2EB3F0018E1BD /* Release */ = {
			isa = XCBuildConfiguration;
			baseConfigurationReference = EA9676FEE70E434483A65B1B /* Pods-e-Prekyba.release.xcconfig */;
			buildSettings = {
				ASSETCATALOG_COMPILER_APPICON_NAME = AppIcon;
				CLANG_ENABLE_MODULES = YES;
				CODE_SIGN_STYLE = Automatic;
				DEVELOPMENT_TEAM = 3ER798Q6G9;
				INFOPLIST_FILE = "e-Prekyba/Info.plist";
				LD_RUNPATH_SEARCH_PATHS = (
					"$(inherited)",
					"@executable_path/Frameworks",
				);
				PRODUCT_BUNDLE_IDENTIFIER = "AK.e-Prekyba";
				PRODUCT_NAME = "$(TARGET_NAME)";
				SWIFT_OBJC_BRIDGING_HEADER = "e-Prekyba-Bridging-Header.h";
				SWIFT_VERSION = 5.0;
				TARGETED_DEVICE_FAMILY = "1,2";
			};
			name = Release;
		};
/* End XCBuildConfiguration section */

/* Begin XCConfigurationList section */
		CE2D6AE924D2EB3D0018E1BD /* Build configuration list for PBXProject "e-Prekyba" */ = {
			isa = XCConfigurationList;
			buildConfigurations = (
				CE2D6B0024D2EB3F0018E1BD /* Debug */,
				CE2D6B0124D2EB3F0018E1BD /* Release */,
			);
			defaultConfigurationIsVisible = 0;
			defaultConfigurationName = Release;
		};
		CE2D6B0224D2EB3F0018E1BD /* Build configuration list for PBXNativeTarget "e-Prekyba" */ = {
			isa = XCConfigurationList;
			buildConfigurations = (
				CE2D6B0324D2EB3F0018E1BD /* Debug */,
				CE2D6B0424D2EB3F0018E1BD /* Release */,
			);
			defaultConfigurationIsVisible = 0;
			defaultConfigurationName = Release;
		};
/* End XCConfigurationList section */
	};
	rootObject = CE2D6AE624D2EB3D0018E1BD /* Project object */;
}
